
Microsoft Visual Studio Solution File, Format Version 12.00
Project("{FAE04EC0-301F-11D3-BF4B-00C04F79EFBC}") = "ActivityApplication", "ActivityApplication\ActivityApplication.csproj", "{4A660871-5841-4164-BEBD-AA46886845F1}"
EndProject
Project("{FAE04EC0-301F-11D3-BF4B-00C04F79EFBC}") = "ActivityApplication.Domain", "ActivityApplication.Domain\ActivityApplication.Domain.csproj", "{108EE573-9AE3-4A92-B3DE-6D5F5D2C1E5D}"
EndProject
Project("{2150E333-8FDC-42A3-9474-1A3956D46DE8}") = "Application", "Application", "{184D38E2-9C0E-4401-872F-EBB8BD321F19}"
EndProject
Project("{2150E333-8FDC-42A3-9474-1A3956D46DE8}") = "Tests", "Tests", "{DD1C6603-B6E4-4290-ADAD-1C2F0FFEF2EC}"
EndProject
Project("{2150E333-8FDC-42A3-9474-1A3956D46DE8}") = "DbProvider", "DbProvider", "{55342C0F-87E0-4077-B669-A88F1FE8422E}"
EndProject
Project("{2150E333-8FDC-42A3-9474-1A3956D46DE8}") = "Presentation", "Presentation", "{1B7E4A8E-1847-42BB-BEE9-892399F59C52}"
EndProject
Project("{FAE04EC0-301F-11D3-BF4B-00C04F79EFBC}") = "ActivityApplication.Infrastructure", "ActivityApplication.Infrastructure\ActivityApplication.Infrastructure.csproj", "{E86EFA24-F697-4EF1-8DA9-27E1F573374C}"
EndProject
Project("{FAE04EC0-301F-11D3-BF4B-00C04F79EFBC}") = "ActivityApplication.DataAccess", "ActivityApplication.DataAccess\ActivityApplication.DataAccess.csproj", "{7B083D4A-9DDD-4749-9CB5-41CDCC7080DC}"
EndProject
Project("{FAE04EC0-301F-11D3-BF4B-00C04F79EFBC}") = "ActivityApplication.Services.Activity", "ActivityApplication.Services.Activity\ActivityApplication.Services.Activity.csproj", "{3B956874-8E0F-459B-A745-B46C007BA72B}"
EndProject
Project("{FAE04EC0-301F-11D3-BF4B-00C04F79EFBC}") = "ActivityApplication.Services.Membership", "ActivityApplication.Services.Membership\ActivityApplication.Services.Membership.csproj", "{CC2413B3-EBA9-4B0F-866F-B24ADB7E09E6}"
EndProject
Project("{2150E333-8FDC-42A3-9474-1A3956D46DE8}") = "Infrastructure", "Infrastructure", "{54051344-F4A0-4052-80B7-6C7960353717}"
EndProject
Project("{2150E333-8FDC-42A3-9474-1A3956D46DE8}") = "Domain", "Domain", "{7AF3C3BF-2C0E-4ABC-B48C-B3D2C25DD175}"
EndProject
Project("{FAE04EC0-301F-11D3-BF4B-00C04F79EFBC}") = "ActivityApplication.Services.Image", "ActivityApplication.Services.Image\ActivityApplication.Services.Image.csproj", "{D8093CB0-ECAB-4D78-8F06-15D6FEFF784C}"
EndProject
Project("{FAE04EC0-301F-11D3-BF4B-00C04F79EFBC}") = "ActivityApplication.Services.Courdinary", "ActivityApplication.Services.Courdinary\ActivityApplication.Services.Courdinary.csproj", "{4912DF3A-15DC-4144-84E0-CE355E20AC15}"
EndProject
Project("{FAE04EC0-301F-11D3-BF4B-00C04F79EFBC}") = "ActivityApplication.Services", "ActivityApplication.Services\ActivityApplication.Services.csproj", "{578B760F-C012-4079-89FE-DD596C815617}"
EndProject
Project("{FAE04EC0-301F-11D3-BF4B-00C04F79EFBC}") = "ActivityApplication.Infrastrucutre.UploadImage", "ActivityApplication.Infrastrucutre.UploadImage\ActivityApplication.Infrastrucutre.UploadImage.csproj", "{2FB6A935-DF0D-43FE-84C9-469BC983CBAA}"
EndProject
Global
	GlobalSection(SolutionConfigurationPlatforms) = preSolution
		Debug|Any CPU = Debug|Any CPU
		Release|Any CPU = Release|Any CPU
	EndGlobalSection
	GlobalSection(ProjectConfigurationPlatforms) = postSolution
		{4A660871-5841-4164-BEBD-AA46886845F1}.Debug|Any CPU.ActiveCfg = Debug|Any CPU
		{4A660871-5841-4164-BEBD-AA46886845F1}.Debug|Any CPU.Build.0 = Debug|Any CPU
		{4A660871-5841-4164-BEBD-AA46886845F1}.Release|Any CPU.ActiveCfg = Release|Any CPU
		{4A660871-5841-4164-BEBD-AA46886845F1}.Release|Any CPU.Build.0 = Release|Any CPU
		{108EE573-9AE3-4A92-B3DE-6D5F5D2C1E5D}.Debug|Any CPU.ActiveCfg = Debug|Any CPU
		{108EE573-9AE3-4A92-B3DE-6D5F5D2C1E5D}.Debug|Any CPU.Build.0 = Debug|Any CPU
		{108EE573-9AE3-4A92-B3DE-6D5F5D2C1E5D}.Release|Any CPU.ActiveCfg = Release|Any CPU
		{108EE573-9AE3-4A92-B3DE-6D5F5D2C1E5D}.Release|Any CPU.Build.0 = Release|Any CPU
		{E86EFA24-F697-4EF1-8DA9-27E1F573374C}.Debug|Any CPU.ActiveCfg = Debug|Any CPU
		{E86EFA24-F697-4EF1-8DA9-27E1F573374C}.Debug|Any CPU.Build.0 = Debug|Any CPU
		{E86EFA24-F697-4EF1-8DA9-27E1F573374C}.Release|Any CPU.ActiveCfg = Release|Any CPU
		{E86EFA24-F697-4EF1-8DA9-27E1F573374C}.Release|Any CPU.Build.0 = Release|Any CPU
		{7B083D4A-9DDD-4749-9CB5-41CDCC7080DC}.Debug|Any CPU.ActiveCfg = Debug|Any CPU
		{7B083D4A-9DDD-4749-9CB5-41CDCC7080DC}.Debug|Any CPU.Build.0 = Debug|Any CPU
		{7B083D4A-9DDD-4749-9CB5-41CDCC7080DC}.Release|Any CPU.ActiveCfg = Release|Any CPU
		{7B083D4A-9DDD-4749-9CB5-41CDCC7080DC}.Release|Any CPU.Build.0 = Release|Any CPU
		{3B956874-8E0F-459B-A745-B46C007BA72B}.Debug|Any CPU.ActiveCfg = Debug|Any CPU
		{3B956874-8E0F-459B-A745-B46C007BA72B}.Debug|Any CPU.Build.0 = Debug|Any CPU
		{3B956874-8E0F-459B-A745-B46C007BA72B}.Release|Any CPU.ActiveCfg = Release|Any CPU
		{3B956874-8E0F-459B-A745-B46C007BA72B}.Release|Any CPU.Build.0 = Release|Any CPU
		{CC2413B3-EBA9-4B0F-866F-B24ADB7E09E6}.Debug|Any CPU.ActiveCfg = Debug|Any CPU
		{CC2413B3-EBA9-4B0F-866F-B24ADB7E09E6}.Debug|Any CPU.Build.0 = Debug|Any CPU
		{CC2413B3-EBA9-4B0F-866F-B24ADB7E09E6}.Release|Any CPU.ActiveCfg = Release|Any CPU
		{CC2413B3-EBA9-4B0F-866F-B24ADB7E09E6}.Release|Any CPU.Build.0 = Release|Any CPU
		{D8093CB0-ECAB-4D78-8F06-15D6FEFF784C}.Debug|Any CPU.ActiveCfg = Debug|Any CPU
		{D8093CB0-ECAB-4D78-8F06-15D6FEFF784C}.Debug|Any CPU.Build.0 = Debug|Any CPU
		{D8093CB0-ECAB-4D78-8F06-15D6FEFF784C}.Release|Any CPU.ActiveCfg = Release|Any CPU
		{D8093CB0-ECAB-4D78-8F06-15D6FEFF784C}.Release|Any CPU.Build.0 = Release|Any CPU
		{4912DF3A-15DC-4144-84E0-CE355E20AC15}.Debug|Any CPU.ActiveCfg = Debug|Any CPU
		{4912DF3A-15DC-4144-84E0-CE355E20AC15}.Debug|Any CPU.Build.0 = Debug|Any CPU
		{4912DF3A-15DC-4144-84E0-CE355E20AC15}.Release|Any CPU.ActiveCfg = Release|Any CPU
		{4912DF3A-15DC-4144-84E0-CE355E20AC15}.Release|Any CPU.Build.0 = Release|Any CPU
		{578B760F-C012-4079-89FE-DD596C815617}.Debug|Any CPU.ActiveCfg = Debug|Any CPU
		{578B760F-C012-4079-89FE-DD596C815617}.Debug|Any CPU.Build.0 = Debug|Any CPU
		{578B760F-C012-4079-89FE-DD596C815617}.Release|Any CPU.ActiveCfg = Release|Any CPU
		{578B760F-C012-4079-89FE-DD596C815617}.Release|Any CPU.Build.0 = Release|Any CPU
		{2FB6A935-DF0D-43FE-84C9-469BC983CBAA}.Debug|Any CPU.ActiveCfg = Debug|Any CPU
		{2FB6A935-DF0D-43FE-84C9-469BC983CBAA}.Debug|Any CPU.Build.0 = Debug|Any CPU
		{2FB6A935-DF0D-43FE-84C9-469BC983CBAA}.Release|Any CPU.ActiveCfg = Release|Any CPU
		{2FB6A935-DF0D-43FE-84C9-469BC983CBAA}.Release|Any CPU.Build.0 = Release|Any CPU
	EndGlobalSection
	GlobalSection(NestedProjects) = preSolution
		{4A660871-5841-4164-BEBD-AA46886845F1} = {1B7E4A8E-1847-42BB-BEE9-892399F59C52}
		{7B083D4A-9DDD-4749-9CB5-41CDCC7080DC} = {55342C0F-87E0-4077-B669-A88F1FE8422E}
		{3B956874-8E0F-459B-A745-B46C007BA72B} = {184D38E2-9C0E-4401-872F-EBB8BD321F19}
		{CC2413B3-EBA9-4B0F-866F-B24ADB7E09E6} = {184D38E2-9C0E-4401-872F-EBB8BD321F19}
		{E86EFA24-F697-4EF1-8DA9-27E1F573374C} = {54051344-F4A0-4052-80B7-6C7960353717}
		{108EE573-9AE3-4A92-B3DE-6D5F5D2C1E5D} = {7AF3C3BF-2C0E-4ABC-B48C-B3D2C25DD175}
		{D8093CB0-ECAB-4D78-8F06-15D6FEFF784C} = {184D38E2-9C0E-4401-872F-EBB8BD321F19}
		{4912DF3A-15DC-4144-84E0-CE355E20AC15} = {184D38E2-9C0E-4401-872F-EBB8BD321F19}
		{578B760F-C012-4079-89FE-DD596C815617} = {184D38E2-9C0E-4401-872F-EBB8BD321F19}
		{2FB6A935-DF0D-43FE-84C9-469BC983CBAA} = {54051344-F4A0-4052-80B7-6C7960353717}
	EndGlobalSection
EndGlobal
